
Microsoft Visual Studio Solution File, Format Version 12.00
# Visual Studio Version 17
VisualStudioVersion = 17.7.34302.85
MinimumVisualStudioVersion = 10.0.40219.1
Project("{9A19103F-16F7-4668-BE54-9A1E7A4F7556}") = "Tron.Wallet", "Tron.Wallet\Tron.Wallet.csproj", "{B8180A27-8EAC-42D5-BD5C-2D65D0DD641B}"
EndProject
Project("{9A19103F-16F7-4668-BE54-9A1E7A4F7556}") = "Tron.Wallet.Protocol", "Tron.Wallet.Protocol\Tron.Wallet.Protocol.csproj", "{A53197B6-1A84-4F78-A554-58D596E7DF5E}"
EndProject
Global
	GlobalSection(SolutionConfigurationPlatforms) = preSolution
		Debug|Any CPU = Debug|Any CPU
		Release|Any CPU = Release|Any CPU
	EndGlobalSection
	GlobalSection(ProjectConfigurationPlatforms) = postSolution
		{B8180A27-8EAC-42D5-BD5C-2D65D0DD641B}.Debug|Any CPU.ActiveCfg = Debug|Any CPU
		{B8180A27-8EAC-42D5-BD5C-2D65D0DD641B}.Debug|Any CPU.Build.0 = Debug|Any CPU
		{B8180A27-8EAC-42D5-BD5C-2D65D0DD641B}.Release|Any CPU.ActiveCfg = Release|Any CPU
		{B8180A27-8EAC-42D5-BD5C-2D65D0DD641B}.Release|Any CPU.Build.0 = Release|Any CPU
		{A53197B6-1A84-4F78-A554-58D596E7DF5E}.Debug|Any CPU.ActiveCfg = Debug|Any CPU
		{A53197B6-1A84-4F78-A554-58D596E7DF5E}.Debug|Any CPU.Build.0 = Debug|Any CPU
		{A53197B6-1A84-4F78-A554-58D596E7DF5E}.Release|Any CPU.ActiveCfg = Release|Any CPU
		{A53197B6-1A84-4F78-A554-58D596E7DF5E}.Release|Any CPU.Build.0 = Release|Any CPU
	EndGlobalSection
	GlobalSection(SolutionProperties) = preSolution
		HideSolutionNode = FALSE
	EndGlobalSection
	GlobalSection(ExtensibilityGlobals) = postSolution
		SolutionGuid = {C95F5922-D13E-4D9A-B11A-A9F26488B80F}
	EndGlobalSection
EndGlobal
